
Microsoft Visual Studio Solution File, Format Version 12.00
# Visual Studio Version 17
VisualStudioVersion = 17.11.35431.28
MinimumVisualStudioVersion = 10.0.40219.1
Project("{FAE04EC0-301F-11D3-BF4B-00C04F79EFBC}") = "WpfApp6", "WpfApp6\WpfApp6.csproj", "{030C0C29-FB15-4694-BD78-AE52C536905D}"
EndProject
Global
	GlobalSection(SolutionConfigurationPlatforms) = preSolution
		Debug|Any CPU = Debug|Any CPU
		Release|Any CPU = Release|Any CPU
	EndGlobalSection
	GlobalSection(ProjectConfigurationPlatforms) = postSolution
		{030C0C29-FB15-4694-BD78-AE52C536905D}.Debug|Any CPU.ActiveCfg = Debug|Any CPU
		{030C0C29-FB15-4694-BD78-AE52C536905D}.Debug|Any CPU.Build.0 = Debug|Any CPU
		{030C0C29-FB15-4694-BD78-AE52C536905D}.Release|Any CPU.ActiveCfg = Release|Any CPU
		{030C0C29-FB15-4694-BD78-AE52C536905D}.Release|Any CPU.Build.0 = Release|Any CPU
	EndGlobalSection
	GlobalSection(SolutionProperties) = preSolution
		HideSolutionNode = FALSE
	EndGlobalSection
	GlobalSection(ExtensibilityGlobals) = postSolution
		SolutionGuid = {7A7F43C1-C4DB-43F2-AEE2-1313E55CD113}
	EndGlobalSection
EndGlobal
